
Microsoft Visual Studio Solution File, Format Version 12.00
# Visual Studio Version 17
VisualStudioVersion = 17.14.36221.1 d17.14
MinimumVisualStudioVersion = 10.0.40219.1
Project("{FAE04EC0-301F-11D3-BF4B-00C04F79EFBC}") = "OrderAPI.Domain", "OderAPI.Domain\OrderAPI.Domain.csproj", "{A0FC8443-C470-4E05-8AA2-4A268DF6B06A}"
EndProject
Project("{FAE04EC0-301F-11D3-BF4B-00C04F79EFBC}") = "OrderApi.Application", "OrderApi.Application\OrderApi.Application.csproj", "{A467A07D-ADB8-4321-BA95-04296B5BA130}"
EndProject
Project("{FAE04EC0-301F-11D3-BF4B-00C04F79EFBC}") = "OrderApi.Infrastructure", "OrderApi.Infrastructure\OrderApi.Infrastructure.csproj", "{12A6278A-D4E0-41F1-8982-0806BA04152D}"
EndProject
Project("{FAE04EC0-301F-11D3-BF4B-00C04F79EFBC}") = "OrderApi.Presentation", "OrderApi.Presentation\OrderApi.Presentation.csproj", "{1AC6C60D-EAB1-4A34-B36C-9F0AAB626422}"
EndProject
Global
	GlobalSection(SolutionConfigurationPlatforms) = preSolution
		Debug|Any CPU = Debug|Any CPU
		Release|Any CPU = Release|Any CPU
	EndGlobalSection
	GlobalSection(ProjectConfigurationPlatforms) = postSolution
		{A0FC8443-C470-4E05-8AA2-4A268DF6B06A}.Debug|Any CPU.ActiveCfg = Debug|Any CPU
		{A0FC8443-C470-4E05-8AA2-4A268DF6B06A}.Debug|Any CPU.Build.0 = Debug|Any CPU
		{A0FC8443-C470-4E05-8AA2-4A268DF6B06A}.Release|Any CPU.ActiveCfg = Release|Any CPU
		{A0FC8443-C470-4E05-8AA2-4A268DF6B06A}.Release|Any CPU.Build.0 = Release|Any CPU
		{A467A07D-ADB8-4321-BA95-04296B5BA130}.Debug|Any CPU.ActiveCfg = Debug|Any CPU
		{A467A07D-ADB8-4321-BA95-04296B5BA130}.Debug|Any CPU.Build.0 = Debug|Any CPU
		{A467A07D-ADB8-4321-BA95-04296B5BA130}.Release|Any CPU.ActiveCfg = Release|Any CPU
		{A467A07D-ADB8-4321-BA95-04296B5BA130}.Release|Any CPU.Build.0 = Release|Any CPU
		{12A6278A-D4E0-41F1-8982-0806BA04152D}.Debug|Any CPU.ActiveCfg = Debug|Any CPU
		{12A6278A-D4E0-41F1-8982-0806BA04152D}.Debug|Any CPU.Build.0 = Debug|Any CPU
		{12A6278A-D4E0-41F1-8982-0806BA04152D}.Release|Any CPU.ActiveCfg = Release|Any CPU
		{12A6278A-D4E0-41F1-8982-0806BA04152D}.Release|Any CPU.Build.0 = Release|Any CPU
		{1AC6C60D-EAB1-4A34-B36C-9F0AAB626422}.Debug|Any CPU.ActiveCfg = Debug|Any CPU
		{1AC6C60D-EAB1-4A34-B36C-9F0AAB626422}.Debug|Any CPU.Build.0 = Debug|Any CPU
		{1AC6C60D-EAB1-4A34-B36C-9F0AAB626422}.Release|Any CPU.ActiveCfg = Release|Any CPU
		{1AC6C60D-EAB1-4A34-B36C-9F0AAB626422}.Release|Any CPU.Build.0 = Release|Any CPU
	EndGlobalSection
	GlobalSection(SolutionProperties) = preSolution
		HideSolutionNode = FALSE
	EndGlobalSection
	GlobalSection(ExtensibilityGlobals) = postSolution
		SolutionGuid = {12BDE428-C425-485D-8FBB-9B5E4B224367}
	EndGlobalSection
EndGlobal
